// !$*UTF8*$!
{
	archiveVersion = 1;
	classes = {
	};
	objectVersion = 50;
	objects = {

/* Begin PBXBuildFile section */
		221558E2221C18AB00AC2329 /* Translation.swift in Sources */ = {isa = PBXBuildFile; fileRef = 221558E1221C18AB00AC2329 /* Translation.swift */; };
		221558E4221C18C600AC2329 /* TranslationService.swift in Sources */ = {isa = PBXBuildFile; fileRef = 221558E3221C18C600AC2329 /* TranslationService.swift */; };
		2217464022314AB500AF7FAB /* translation.json in Resources */ = {isa = PBXBuildFile; fileRef = 2217463F22314AB500AF7FAB /* translation.json */; };
		221746422231531000AF7FAB /* TranslationServiceTestCase.swift in Sources */ = {isa = PBXBuildFile; fileRef = 221746412231531000AF7FAB /* TranslationServiceTestCase.swift */; };
		2218171D220DC30600B0CFB4 /* Service.swift in Sources */ = {isa = PBXBuildFile; fileRef = 2218171C220DC30600B0CFB4 /* Service.swift */; };
		221930D82230105D0051CF85 /* rates.json in Resources */ = {isa = PBXBuildFile; fileRef = 221930D72230105D0051CF85 /* rates.json */; };
		221930DC2230350E0051CF85 /* WeatherServiceTestCase.swift in Sources */ = {isa = PBXBuildFile; fileRef = 221930DB2230350E0051CF85 /* WeatherServiceTestCase.swift */; };
		221930DE2230495C0051CF85 /* weather.json in Resources */ = {isa = PBXBuildFile; fileRef = 221930DD2230495C0051CF85 /* weather.json */; };
		221930E222304A3F0051CF85 /* ServiceFakeData.swift in Sources */ = {isa = PBXBuildFile; fileRef = 221930E122304A3F0051CF85 /* ServiceFakeData.swift */; };
		221966892211BDB800E59714 /* NetworkError.swift in Sources */ = {isa = PBXBuildFile; fileRef = 221966882211BDB800E59714 /* NetworkError.swift */; };
		221B47DD222D679700DA52CC /* CurrencyServiceTestCase.swift in Sources */ = {isa = PBXBuildFile; fileRef = 221B47DC222D679700DA52CC /* CurrencyServiceTestCase.swift */; };
		221B47DF222D6C5200DA52CC /* currencies.json in Resources */ = {isa = PBXBuildFile; fileRef = 221B47DE222D6C5200DA52CC /* currencies.json */; };
		221B47E3222DBA8A00DA52CC /* URLSessionFake.swift in Sources */ = {isa = PBXBuildFile; fileRef = 221B47E2222DBA8A00DA52CC /* URLSessionFake.swift */; };
		221C95182200627B0033B8B3 /* Weather.swift in Sources */ = {isa = PBXBuildFile; fileRef = 221C95172200627B0033B8B3 /* Weather.swift */; };
		221C951A220485300033B8B3 /* WeatherCollectionViewCell.swift in Sources */ = {isa = PBXBuildFile; fileRef = 221C9519220485300033B8B3 /* WeatherCollectionViewCell.swift */; };
		221FC1EC230E9FF1002BF1F7 /* Language+Storage.swift in Sources */ = {isa = PBXBuildFile; fileRef = 221FC1EB230E9FF1002BF1F7 /* Language+Storage.swift */; };
		221FC1EE230EA234002BF1F7 /* StorageKey.swift in Sources */ = {isa = PBXBuildFile; fileRef = 221FC1ED230EA234002BF1F7 /* StorageKey.swift */; };
		221FC1F0230EB064002BF1F7 /* Rates.swift in Sources */ = {isa = PBXBuildFile; fileRef = 221FC1EF230EB064002BF1F7 /* Rates.swift */; };
		223592C321106EE400A2D659 /* AppDelegate.swift in Sources */ = {isa = PBXBuildFile; fileRef = 223592C221106EE400A2D659 /* AppDelegate.swift */; };
		223592C821106EE400A2D659 /* Main.storyboard in Resources */ = {isa = PBXBuildFile; fileRef = 223592C621106EE400A2D659 /* Main.storyboard */; };
		223592CD21106EE500A2D659 /* LaunchScreen.storyboard in Resources */ = {isa = PBXBuildFile; fileRef = 223592CB21106EE500A2D659 /* LaunchScreen.storyboard */; };
		223592DA2110AF1700A2D659 /* Assets.xcassets in Resources */ = {isa = PBXBuildFile; fileRef = 223592D92110AF1700A2D659 /* Assets.xcassets */; };
		223592DC2110E9BC00A2D659 /* CurrencyViewController.swift in Sources */ = {isa = PBXBuildFile; fileRef = 223592DB2110E9BC00A2D659 /* CurrencyViewController.swift */; };
		223592DE2110EA4200A2D659 /* TranslationViewController.swift in Sources */ = {isa = PBXBuildFile; fileRef = 223592DD2110EA4200A2D659 /* TranslationViewController.swift */; };
		223592E02110EA5900A2D659 /* WeatherViewController.swift in Sources */ = {isa = PBXBuildFile; fileRef = 223592DF2110EA5900A2D659 /* WeatherViewController.swift */; };
		22433CED21D4D91300A73EC9 /* WeatherService.swift in Sources */ = {isa = PBXBuildFile; fileRef = 22433CEC21D4D91300A73EC9 /* WeatherService.swift */; };
		22880A622254BA08005D75D5 /* Language.swift in Sources */ = {isa = PBXBuildFile; fileRef = 22880A612254BA08005D75D5 /* Language.swift */; };
		22E804EF221D60F6006E0ECB /* LanguageTableViewController.swift in Sources */ = {isa = PBXBuildFile; fileRef = 22E804EE221D60F5006E0ECB /* LanguageTableViewController.swift */; };
		22F0C8232111F275008EC6B5 /* Currency.swift in Sources */ = {isa = PBXBuildFile; fileRef = 22F0C8222111F275008EC6B5 /* Currency.swift */; };
		22F0C82B2114B5B0008EC6B5 /* CurrencyService.swift in Sources */ = {isa = PBXBuildFile; fileRef = 22F0C82A2114B5B0008EC6B5 /* CurrencyService.swift */; };
/* End PBXBuildFile section */

/* Begin PBXContainerItemProxy section */
		221B47D7222D670200DA52CC /* PBXContainerItemProxy */ = {
			isa = PBXContainerItemProxy;
			containerPortal = 223592B721106EE400A2D659 /* Project object */;
			proxyType = 1;
			remoteGlobalIDString = 223592BE21106EE400A2D659;
			remoteInfo = LeBaluchon;
		};
/* End PBXContainerItemProxy section */

/* Begin PBXFileReference section */
		221558E1221C18AB00AC2329 /* Translation.swift */ = {isa = PBXFileReference; lastKnownFileType = sourcecode.swift; path = Translation.swift; sourceTree = "<group>"; };
		221558E3221C18C600AC2329 /* TranslationService.swift */ = {isa = PBXFileReference; lastKnownFileType = sourcecode.swift; path = TranslationService.swift; sourceTree = "<group>"; };
		2217463F22314AB500AF7FAB /* translation.json */ = {isa = PBXFileReference; lastKnownFileType = text.json; path = translation.json; sourceTree = "<group>"; };
		221746412231531000AF7FAB /* TranslationServiceTestCase.swift */ = {isa = PBXFileReference; lastKnownFileType = sourcecode.swift; path = TranslationServiceTestCase.swift; sourceTree = "<group>"; };
		2218171C220DC30600B0CFB4 /* Service.swift */ = {isa = PBXFileReference; lastKnownFileType = sourcecode.swift; path = Service.swift; sourceTree = "<group>"; };
		221930D72230105D0051CF85 /* rates.json */ = {isa = PBXFileReference; lastKnownFileType = text.json; path = rates.json; sourceTree = "<group>"; };
		221930DB2230350E0051CF85 /* WeatherServiceTestCase.swift */ = {isa = PBXFileReference; lastKnownFileType = sourcecode.swift; path = WeatherServiceTestCase.swift; sourceTree = "<group>"; };
		221930DD2230495C0051CF85 /* weather.json */ = {isa = PBXFileReference; lastKnownFileType = text.json; path = weather.json; sourceTree = "<group>"; };
		221930E122304A3F0051CF85 /* ServiceFakeData.swift */ = {isa = PBXFileReference; lastKnownFileType = sourcecode.swift; path = ServiceFakeData.swift; sourceTree = "<group>"; };
		221966882211BDB800E59714 /* NetworkError.swift */ = {isa = PBXFileReference; lastKnownFileType = sourcecode.swift; path = NetworkError.swift; sourceTree = "<group>"; };
		221B47D2222D670200DA52CC /* LeBaluchonTests.xctest */ = {isa = PBXFileReference; explicitFileType = wrapper.cfbundle; includeInIndex = 0; path = LeBaluchonTests.xctest; sourceTree = BUILT_PRODUCTS_DIR; };
		221B47D6222D670200DA52CC /* Info.plist */ = {isa = PBXFileReference; lastKnownFileType = text.plist.xml; path = Info.plist; sourceTree = "<group>"; };
		221B47DC222D679700DA52CC /* CurrencyServiceTestCase.swift */ = {isa = PBXFileReference; lastKnownFileType = sourcecode.swift; path = CurrencyServiceTestCase.swift; sourceTree = "<group>"; };
		221B47DE222D6C5200DA52CC /* currencies.json */ = {isa = PBXFileReference; lastKnownFileType = text.json; path = currencies.json; sourceTree = "<group>"; };
		221B47E2222DBA8A00DA52CC /* URLSessionFake.swift */ = {isa = PBXFileReference; lastKnownFileType = sourcecode.swift; path = URLSessionFake.swift; sourceTree = "<group>"; };
		221C95172200627B0033B8B3 /* Weather.swift */ = {isa = PBXFileReference; lastKnownFileType = sourcecode.swift; path = Weather.swift; sourceTree = "<group>"; };
		221C9519220485300033B8B3 /* WeatherCollectionViewCell.swift */ = {isa = PBXFileReference; lastKnownFileType = sourcecode.swift; path = WeatherCollectionViewCell.swift; sourceTree = "<group>"; };
		221FC1EB230E9FF1002BF1F7 /* Language+Storage.swift */ = {isa = PBXFileReference; lastKnownFileType = sourcecode.swift; path = "Language+Storage.swift"; sourceTree = "<group>"; };
		221FC1ED230EA234002BF1F7 /* StorageKey.swift */ = {isa = PBXFileReference; lastKnownFileType = sourcecode.swift; path = StorageKey.swift; sourceTree = "<group>"; };
		221FC1EF230EB064002BF1F7 /* Rates.swift */ = {isa = PBXFileReference; lastKnownFileType = sourcecode.swift; path = Rates.swift; sourceTree = "<group>"; };
		223592BF21106EE400A2D659 /* LeBaluchon.app */ = {isa = PBXFileReference; explicitFileType = wrapper.application; includeInIndex = 0; path = LeBaluchon.app; sourceTree = BUILT_PRODUCTS_DIR; };
		223592C221106EE400A2D659 /* AppDelegate.swift */ = {isa = PBXFileReference; lastKnownFileType = sourcecode.swift; path = AppDelegate.swift; sourceTree = "<group>"; };
		223592C721106EE400A2D659 /* Base */ = {isa = PBXFileReference; lastKnownFileType = file.storyboard; name = Base; path = Base.lproj/Main.storyboard; sourceTree = "<group>"; };
		223592CC21106EE500A2D659 /* Base */ = {isa = PBXFileReference; lastKnownFileType = file.storyboard; name = Base; path = Base.lproj/LaunchScreen.storyboard; sourceTree = "<group>"; };
		223592CE21106EE500A2D659 /* Info.plist */ = {isa = PBXFileReference; lastKnownFileType = text.plist.xml; path = Info.plist; sourceTree = "<group>"; };
		223592D92110AF1700A2D659 /* Assets.xcassets */ = {isa = PBXFileReference; lastKnownFileType = folder.assetcatalog; path = Assets.xcassets; sourceTree = "<group>"; };
		223592DB2110E9BC00A2D659 /* CurrencyViewController.swift */ = {isa = PBXFileReference; lastKnownFileType = sourcecode.swift; path = CurrencyViewController.swift; sourceTree = "<group>"; };
		223592DD2110EA4200A2D659 /* TranslationViewController.swift */ = {isa = PBXFileReference; lastKnownFileType = sourcecode.swift; path = TranslationViewController.swift; sourceTree = "<group>"; };
		223592DF2110EA5900A2D659 /* WeatherViewController.swift */ = {isa = PBXFileReference; lastKnownFileType = sourcecode.swift; path = WeatherViewController.swift; sourceTree = "<group>"; };
		22433CEC21D4D91300A73EC9 /* WeatherService.swift */ = {isa = PBXFileReference; lastKnownFileType = sourcecode.swift; path = WeatherService.swift; sourceTree = "<group>"; };
		22880A612254BA08005D75D5 /* Language.swift */ = {isa = PBXFileReference; lastKnownFileType = sourcecode.swift; path = Language.swift; sourceTree = "<group>"; };
		22E804EE221D60F5006E0ECB /* LanguageTableViewController.swift */ = {isa = PBXFileReference; lastKnownFileType = sourcecode.swift; path = LanguageTableViewController.swift; sourceTree = "<group>"; };
		22F0C8222111F275008EC6B5 /* Currency.swift */ = {isa = PBXFileReference; lastKnownFileType = sourcecode.swift; path = Currency.swift; sourceTree = "<group>"; };
		22F0C82A2114B5B0008EC6B5 /* CurrencyService.swift */ = {isa = PBXFileReference; lastKnownFileType = sourcecode.swift; path = CurrencyService.swift; sourceTree = "<group>"; };
/* End PBXFileReference section */

/* Begin PBXFrameworksBuildPhase section */
		221B47CF222D670200DA52CC /* Frameworks */ = {
			isa = PBXFrameworksBuildPhase;
			buildActionMask = 2147483647;
			files = (
			);
			runOnlyForDeploymentPostprocessing = 0;
		};
		223592BC21106EE400A2D659 /* Frameworks */ = {
			isa = PBXFrameworksBuildPhase;
			buildActionMask = 2147483647;
			files = (
			);
			runOnlyForDeploymentPostprocessing = 0;
		};
/* End PBXFrameworksBuildPhase section */

/* Begin PBXGroup section */
		221746432231AF8000AF7FAB /* json */ = {
			isa = PBXGroup;
			children = (
				221B47DE222D6C5200DA52CC /* currencies.json */,
				221930D72230105D0051CF85 /* rates.json */,
				221930DD2230495C0051CF85 /* weather.json */,
				2217463F22314AB500AF7FAB /* translation.json */,
			);
			name = json;
			sourceTree = "<group>";
		};
		221B47D3222D670200DA52CC /* LeBaluchonTests */ = {
			isa = PBXGroup;
			children = (
				221B47DC222D679700DA52CC /* CurrencyServiceTestCase.swift */,
				221930DB2230350E0051CF85 /* WeatherServiceTestCase.swift */,
				221746412231531000AF7FAB /* TranslationServiceTestCase.swift */,
				221B47E2222DBA8A00DA52CC /* URLSessionFake.swift */,
				221930E122304A3F0051CF85 /* ServiceFakeData.swift */,
				221746432231AF8000AF7FAB /* json */,
				221B47D6222D670200DA52CC /* Info.plist */,
			);
			path = LeBaluchonTests;
			sourceTree = "<group>";
		};
		221FC1E1230E88E8002BF1F7 /* Service */ = {
			isa = PBXGroup;
			children = (
				2218171C220DC30600B0CFB4 /* Service.swift */,
				22F0C82A2114B5B0008EC6B5 /* CurrencyService.swift */,
				22433CEC21D4D91300A73EC9 /* WeatherService.swift */,
				221558E3221C18C600AC2329 /* TranslationService.swift */,
				221966882211BDB800E59714 /* NetworkError.swift */,
			);
			path = Service;
			sourceTree = "<group>";
		};
		221FC1E3230E8A85002BF1F7 /*  Storage */ = {
			isa = PBXGroup;
			children = (
				221FC1ED230EA234002BF1F7 /* StorageKey.swift */,
				221FC1EB230E9FF1002BF1F7 /* Language+Storage.swift */,
			);
			path = " Storage";
			sourceTree = "<group>";
		};
		223592B621106EE400A2D659 = {
			isa = PBXGroup;
			children = (
				223592C121106EE400A2D659 /* LeBaluchon */,
				221B47D3222D670200DA52CC /* LeBaluchonTests */,
				223592C021106EE400A2D659 /* Products */,
			);
			sourceTree = "<group>";
		};
		223592C021106EE400A2D659 /* Products */ = {
			isa = PBXGroup;
			children = (
				223592BF21106EE400A2D659 /* LeBaluchon.app */,
				221B47D2222D670200DA52CC /* LeBaluchonTests.xctest */,
			);
			name = Products;
			sourceTree = "<group>";
		};
		223592C121106EE400A2D659 /* LeBaluchon */ = {
			isa = PBXGroup;
			children = (
				223592D621106F2B00A2D659 /* Model */,
				223592D521106F2200A2D659 /* View */,
				223592D421106F0E00A2D659 /* Controller */,
				22F0C8242111F430008EC6B5 /* Supporting files */,
			);
			path = LeBaluchon;
			sourceTree = "<group>";
		};
		223592D421106F0E00A2D659 /* Controller */ = {
			isa = PBXGroup;
			children = (
				223592DB2110E9BC00A2D659 /* CurrencyViewController.swift */,
				223592DF2110EA5900A2D659 /* WeatherViewController.swift */,
				223592DD2110EA4200A2D659 /* TranslationViewController.swift */,
				22E804EE221D60F5006E0ECB /* LanguageTableViewController.swift */,
			);
			path = Controller;
			sourceTree = "<group>";
		};
		223592D521106F2200A2D659 /* View */ = {
			isa = PBXGroup;
			children = (
				223592D92110AF1700A2D659 /* Assets.xcassets */,
				223592C621106EE400A2D659 /* Main.storyboard */,
				221C9519220485300033B8B3 /* WeatherCollectionViewCell.swift */,
			);
			path = View;
			sourceTree = "<group>";
		};
		223592D621106F2B00A2D659 /* Model */ = {
			isa = PBXGroup;
			children = (
				22F0C8222111F275008EC6B5 /* Currency.swift */,
				221FC1EF230EB064002BF1F7 /* Rates.swift */,
				221C95172200627B0033B8B3 /* Weather.swift */,
				221558E1221C18AB00AC2329 /* Translation.swift */,
				22880A612254BA08005D75D5 /* Language.swift */,
				221FC1E3230E8A85002BF1F7 /*  Storage */,
				221FC1E1230E88E8002BF1F7 /* Service */,
			);
			path = Model;
			sourceTree = "<group>";
		};
		22F0C8242111F430008EC6B5 /* Supporting files */ = {
			isa = PBXGroup;
			children = (
				223592CE21106EE500A2D659 /* Info.plist */,
				223592C221106EE400A2D659 /* AppDelegate.swift */,
				223592CB21106EE500A2D659 /* LaunchScreen.storyboard */,
			);
			path = "Supporting files";
			sourceTree = "<group>";
		};
/* End PBXGroup section */

/* Begin PBXNativeTarget section */
		221B47D1222D670200DA52CC /* LeBaluchonTests */ = {
			isa = PBXNativeTarget;
			buildConfigurationList = 221B47DB222D670200DA52CC /* Build configuration list for PBXNativeTarget "LeBaluchonTests" */;
			buildPhases = (
				221B47CE222D670200DA52CC /* Sources */,
				221B47CF222D670200DA52CC /* Frameworks */,
				221B47D0222D670200DA52CC /* Resources */,
			);
			buildRules = (
			);
			dependencies = (
				221B47D8222D670200DA52CC /* PBXTargetDependency */,
			);
			name = LeBaluchonTests;
			productName = LeBaluchonTests;
			productReference = 221B47D2222D670200DA52CC /* LeBaluchonTests.xctest */;
			productType = "com.apple.product-type.bundle.unit-test";
		};
		223592BE21106EE400A2D659 /* LeBaluchon */ = {
			isa = PBXNativeTarget;
			buildConfigurationList = 223592D121106EE500A2D659 /* Build configuration list for PBXNativeTarget "LeBaluchon" */;
			buildPhases = (
				223592BB21106EE400A2D659 /* Sources */,
				223592BC21106EE400A2D659 /* Frameworks */,
				223592BD21106EE400A2D659 /* Resources */,
			);
			buildRules = (
			);
			dependencies = (
			);
			name = LeBaluchon;
			productName = LeBaluchon;
			productReference = 223592BF21106EE400A2D659 /* LeBaluchon.app */;
			productType = "com.apple.product-type.application";
		};
/* End PBXNativeTarget section */

/* Begin PBXProject section */
		223592B721106EE400A2D659 /* Project object */ = {
			isa = PBXProject;
			attributes = {
				LastSwiftUpdateCheck = 1010;
				LastUpgradeCheck = 0940;
				ORGANIZATIONNAME = Co5ta;
				TargetAttributes = {
					221B47D1222D670200DA52CC = {
						CreatedOnToolsVersion = 10.1;
						LastSwiftMigration = 1030;
						TestTargetID = 223592BE21106EE400A2D659;
					};
					223592BE21106EE400A2D659 = {
						CreatedOnToolsVersion = 9.4.1;
						LastSwiftMigration = 1030;
					};
				};
			};
			buildConfigurationList = 223592BA21106EE400A2D659 /* Build configuration list for PBXProject "LeBaluchon" */;
			compatibilityVersion = "Xcode 9.3";
			developmentRegion = en;
			hasScannedForEncodings = 0;
			knownRegions = (
				en,
				Base,
			);
			mainGroup = 223592B621106EE400A2D659;
			productRefGroup = 223592C021106EE400A2D659 /* Products */;
			projectDirPath = "";
			projectRoot = "";
			targets = (
				223592BE21106EE400A2D659 /* LeBaluchon */,
				221B47D1222D670200DA52CC /* LeBaluchonTests */,
			);
		};
/* End PBXProject section */

/* Begin PBXResourcesBuildPhase section */
		221B47D0222D670200DA52CC /* Resources */ = {
			isa = PBXResourcesBuildPhase;
			buildActionMask = 2147483647;
			files = (
				221B47DF222D6C5200DA52CC /* currencies.json in Resources */,
				221930D82230105D0051CF85 /* rates.json in Resources */,
				221930DE2230495C0051CF85 /* weather.json in Resources */,
				2217464022314AB500AF7FAB /* translation.json in Resources */,
			);
			runOnlyForDeploymentPostprocessing = 0;
		};
		223592BD21106EE400A2D659 /* Resources */ = {
			isa = PBXResourcesBuildPhase;
			buildActionMask = 2147483647;
			files = (
				223592CD21106EE500A2D659 /* LaunchScreen.storyboard in Resources */,
				223592DA2110AF1700A2D659 /* Assets.xcassets in Resources */,
				223592C821106EE400A2D659 /* Main.storyboard in Resources */,
			);
			runOnlyForDeploymentPostprocessing = 0;
		};
/* End PBXResourcesBuildPhase section */

/* Begin PBXSourcesBuildPhase section */
		221B47CE222D670200DA52CC /* Sources */ = {
			isa = PBXSourcesBuildPhase;
			buildActionMask = 2147483647;
			files = (
				221930E222304A3F0051CF85 /* ServiceFakeData.swift in Sources */,
				221930DC2230350E0051CF85 /* WeatherServiceTestCase.swift in Sources */,
				221746422231531000AF7FAB /* TranslationServiceTestCase.swift in Sources */,
				221B47E3222DBA8A00DA52CC /* URLSessionFake.swift in Sources */,
				221B47DD222D679700DA52CC /* CurrencyServiceTestCase.swift in Sources */,
			);
			runOnlyForDeploymentPostprocessing = 0;
		};
		223592BB21106EE400A2D659 /* Sources */ = {
			isa = PBXSourcesBuildPhase;
			buildActionMask = 2147483647;
			files = (
				221FC1EC230E9FF1002BF1F7 /* Language+Storage.swift in Sources */,
				221FC1EE230EA234002BF1F7 /* StorageKey.swift in Sources */,
				2218171D220DC30600B0CFB4 /* Service.swift in Sources */,
				221C951A220485300033B8B3 /* WeatherCollectionViewCell.swift in Sources */,
				221C95182200627B0033B8B3 /* Weather.swift in Sources */,
				221966892211BDB800E59714 /* NetworkError.swift in Sources */,
				223592C321106EE400A2D659 /* AppDelegate.swift in Sources */,
				22F0C8232111F275008EC6B5 /* Currency.swift in Sources */,
				22F0C82B2114B5B0008EC6B5 /* CurrencyService.swift in Sources */,
				22E804EF221D60F6006E0ECB /* LanguageTableViewController.swift in Sources */,
				221558E4221C18C600AC2329 /* TranslationService.swift in Sources */,
				223592E02110EA5900A2D659 /* WeatherViewController.swift in Sources */,
				223592DC2110E9BC00A2D659 /* CurrencyViewController.swift in Sources */,
				221FC1F0230EB064002BF1F7 /* Rates.swift in Sources */,
				223592DE2110EA4200A2D659 /* TranslationViewController.swift in Sources */,
				22880A622254BA08005D75D5 /* Language.swift in Sources */,
				22433CED21D4D91300A73EC9 /* WeatherService.swift in Sources */,
				221558E2221C18AB00AC2329 /* Translation.swift in Sources */,
			);
			runOnlyForDeploymentPostprocessing = 0;
		};
/* End PBXSourcesBuildPhase section */

/* Begin PBXTargetDependency section */
		221B47D8222D670200DA52CC /* PBXTargetDependency */ = {
			isa = PBXTargetDependency;
			target = 223592BE21106EE400A2D659 /* LeBaluchon */;
			targetProxy = 221B47D7222D670200DA52CC /* PBXContainerItemProxy */;
		};
/* End PBXTargetDependency section */

/* Begin PBXVariantGroup section */
		223592C621106EE400A2D659 /* Main.storyboard */ = {
			isa = PBXVariantGroup;
			children = (
				223592C721106EE400A2D659 /* Base */,
			);
			name = Main.storyboard;
			sourceTree = "<group>";
		};
		223592CB21106EE500A2D659 /* LaunchScreen.storyboard */ = {
			isa = PBXVariantGroup;
			children = (
				223592CC21106EE500A2D659 /* Base */,
			);
			name = LaunchScreen.storyboard;
			sourceTree = "<group>";
		};
/* End PBXVariantGroup section */

/* Begin XCBuildConfiguration section */
		221B47D9222D670200DA52CC /* Debug */ = {
			isa = XCBuildConfiguration;
			buildSettings = {
				BUNDLE_LOADER = "$(TEST_HOST)";
				CLANG_ENABLE_MODULES = YES;
				CODE_SIGN_STYLE = Automatic;
				INFOPLIST_FILE = LeBaluchonTests/Info.plist;
				IPHONEOS_DEPLOYMENT_TARGET = 12.1;
				LD_RUNPATH_SEARCH_PATHS = (
					"$(inherited)",
					"@executable_path/Frameworks",
					"@loader_path/Frameworks",
				);
				MTL_ENABLE_DEBUG_INFO = INCLUDE_SOURCE;
				MTL_FAST_MATH = YES;
				PRODUCT_BUNDLE_IDENTIFIER = com.co5ta.LeBaluchonTests;
				PRODUCT_NAME = "$(TARGET_NAME)";
				SWIFT_OPTIMIZATION_LEVEL = "-Onone";
				SWIFT_VERSION = 5.0;
				TARGETED_DEVICE_FAMILY = "1,2";
				TEST_HOST = "$(BUILT_PRODUCTS_DIR)/LeBaluchon.app/LeBaluchon";
			};
			name = Debug;
		};
		221B47DA222D670200DA52CC /* Release */ = {
			isa = XCBuildConfiguration;
			buildSettings = {
				BUNDLE_LOADER = "$(TEST_HOST)";
				CLANG_ENABLE_MODULES = YES;
				CODE_SIGN_STYLE = Automatic;
				INFOPLIST_FILE = LeBaluchonTests/Info.plist;
				IPHONEOS_DEPLOYMENT_TARGET = 12.1;
				LD_RUNPATH_SEARCH_PATHS = (
					"$(inherited)",
					"@executable_path/Frameworks",
					"@loader_path/Frameworks",
				);
				MTL_FAST_MATH = YES;
				PRODUCT_BUNDLE_IDENTIFIER = com.co5ta.LeBaluchonTests;
				PRODUCT_NAME = "$(TARGET_NAME)";
				SWIFT_VERSION = 5.0;
				TARGETED_DEVICE_FAMILY = "1,2";
				TEST_HOST = "$(BUILT_PRODUCTS_DIR)/LeBaluchon.app/LeBaluchon";
			};
			name = Release;
		};
		223592CF21106EE500A2D659 /* Debug */ = {
			isa = XCBuildConfiguration;
			buildSettings = {
				ALWAYS_SEARCH_USER_PATHS = NO;
				CLANG_ANALYZER_NONNULL = YES;
				CLANG_ANALYZER_NUMBER_OBJECT_CONVERSION = YES_AGGRESSIVE;
				CLANG_CXX_LANGUAGE_STANDARD = "gnu++14";
				CLANG_CXX_LIBRARY = "libc++";
				CLANG_ENABLE_MODULES = YES;
				CLANG_ENABLE_OBJC_ARC = YES;
				CLANG_ENABLE_OBJC_WEAK = YES;
				CLANG_WARN_BLOCK_CAPTURE_AUTORELEASING = YES;
				CLANG_WARN_BOOL_CONVERSION = YES;
				CLANG_WARN_COMMA = YES;
				CLANG_WARN_CONSTANT_CONVERSION = YES;
				CLANG_WARN_DEPRECATED_OBJC_IMPLEMENTATIONS = YES;
				CLANG_WARN_DIRECT_OBJC_ISA_USAGE = YES_ERROR;
				CLANG_WARN_DOCUMENTATION_COMMENTS = YES;
				CLANG_WARN_EMPTY_BODY = YES;
				CLANG_WARN_ENUM_CONVERSION = YES;
				CLANG_WARN_INFINITE_RECURSION = YES;
				CLANG_WARN_INT_CONVERSION = YES;
				CLANG_WARN_NON_LITERAL_NULL_CONVERSION = YES;
				CLANG_WARN_OBJC_IMPLICIT_RETAIN_SELF = YES;
				CLANG_WARN_OBJC_LITERAL_CONVERSION = YES;
				CLANG_WARN_OBJC_ROOT_CLASS = YES_ERROR;
				CLANG_WARN_RANGE_LOOP_ANALYSIS = YES;
				CLANG_WARN_STRICT_PROTOTYPES = YES;
				CLANG_WARN_SUSPICIOUS_MOVE = YES;
				CLANG_WARN_UNGUARDED_AVAILABILITY = YES_AGGRESSIVE;
				CLANG_WARN_UNREACHABLE_CODE = YES;
				CLANG_WARN__DUPLICATE_METHOD_MATCH = YES;
				CODE_SIGN_IDENTITY = "iPhone Developer";
				COPY_PHASE_STRIP = NO;
				DEBUG_INFORMATION_FORMAT = dwarf;
				ENABLE_STRICT_OBJC_MSGSEND = YES;
				ENABLE_TESTABILITY = YES;
				GCC_C_LANGUAGE_STANDARD = gnu11;
				GCC_DYNAMIC_NO_PIC = NO;
				GCC_NO_COMMON_BLOCKS = YES;
				GCC_OPTIMIZATION_LEVEL = 0;
				GCC_PREPROCESSOR_DEFINITIONS = (
					"DEBUG=1",
					"$(inherited)",
				);
				GCC_WARN_64_TO_32_BIT_CONVERSION = YES;
				GCC_WARN_ABOUT_RETURN_TYPE = YES_ERROR;
				GCC_WARN_UNDECLARED_SELECTOR = YES;
				GCC_WARN_UNINITIALIZED_AUTOS = YES_AGGRESSIVE;
				GCC_WARN_UNUSED_FUNCTION = YES;
				GCC_WARN_UNUSED_VARIABLE = YES;
				IPHONEOS_DEPLOYMENT_TARGET = 11.0;
				MTL_ENABLE_DEBUG_INFO = YES;
				ONLY_ACTIVE_ARCH = YES;
				SDKROOT = iphoneos;
				SWIFT_ACTIVE_COMPILATION_CONDITIONS = DEBUG;
				SWIFT_OPTIMIZATION_LEVEL = "-Onone";
			};
			name = Debug;
		};
		223592D021106EE500A2D659 /* Release */ = {
			isa = XCBuildConfiguration;
			buildSettings = {
				ALWAYS_SEARCH_USER_PATHS = NO;
				CLANG_ANALYZER_NONNULL = YES;
				CLANG_ANALYZER_NUMBER_OBJECT_CONVERSION = YES_AGGRESSIVE;
				CLANG_CXX_LANGUAGE_STANDARD = "gnu++14";
				CLANG_CXX_LIBRARY = "libc++";
				CLANG_ENABLE_MODULES = YES;
				CLANG_ENABLE_OBJC_ARC = YES;
				CLANG_ENABLE_OBJC_WEAK = YES;
				CLANG_WARN_BLOCK_CAPTURE_AUTORELEASING = YES;
				CLANG_WARN_BOOL_CONVERSION = YES;
				CLANG_WARN_COMMA = YES;
				CLANG_WARN_CONSTANT_CONVERSION = YES;
				CLANG_WARN_DEPRECATED_OBJC_IMPLEMENTATIONS = YES;
				CLANG_WARN_DIRECT_OBJC_ISA_USAGE = YES_ERROR;
				CLANG_WARN_DOCUMENTATION_COMMENTS = YES;
				CLANG_WARN_EMPTY_BODY = YES;
				CLANG_WARN_ENUM_CONVERSION = YES;
				CLANG_WARN_INFINITE_RECURSION = YES;
				CLANG_WARN_INT_CONVERSION = YES;
				CLANG_WARN_NON_LITERAL_NULL_CONVERSION = YES;
				CLANG_WARN_OBJC_IMPLICIT_RETAIN_SELF = YES;
				CLANG_WARN_OBJC_LITERAL_CONVERSION = YES;
				CLANG_WARN_OBJC_ROOT_CLASS = YES_ERROR;
				CLANG_WARN_RANGE_LOOP_ANALYSIS = YES;
				CLANG_WARN_STRICT_PROTOTYPES = YES;
				CLANG_WARN_SUSPICIOUS_MOVE = YES;
				CLANG_WARN_UNGUARDED_AVAILABILITY = YES_AGGRESSIVE;
				CLANG_WARN_UNREACHABLE_CODE = YES;
				CLANG_WARN__DUPLICATE_METHOD_MATCH = YES;
				CODE_SIGN_IDENTITY = "iPhone Developer";
				COPY_PHASE_STRIP = NO;
				DEBUG_INFORMATION_FORMAT = "dwarf-with-dsym";
				ENABLE_NS_ASSERTIONS = NO;
				ENABLE_STRICT_OBJC_MSGSEND = YES;
				GCC_C_LANGUAGE_STANDARD = gnu11;
				GCC_NO_COMMON_BLOCKS = YES;
				GCC_WARN_64_TO_32_BIT_CONVERSION = YES;
				GCC_WARN_ABOUT_RETURN_TYPE = YES_ERROR;
				GCC_WARN_UNDECLARED_SELECTOR = YES;
				GCC_WARN_UNINITIALIZED_AUTOS = YES_AGGRESSIVE;
				GCC_WARN_UNUSED_FUNCTION = YES;
				GCC_WARN_UNUSED_VARIABLE = YES;
				IPHONEOS_DEPLOYMENT_TARGET = 11.0;
				MTL_ENABLE_DEBUG_INFO = NO;
				SDKROOT = iphoneos;
				SWIFT_COMPILATION_MODE = wholemodule;
				SWIFT_OPTIMIZATION_LEVEL = "-O";
				VALIDATE_PRODUCT = YES;
			};
			name = Release;
		};
		223592D221106EE500A2D659 /* Debug */ = {
			isa = XCBuildConfiguration;
			buildSettings = {
				ASSETCATALOG_COMPILER_APPICON_NAME = AppIcon;
				CODE_SIGN_STYLE = Automatic;
				DEVELOPMENT_TEAM = PQ32JTG8M8;
				INFOPLIST_FILE = "$(SRCROOT)/LeBaluchon/Supporting files/Info.plist";
				IPHONEOS_DEPLOYMENT_TARGET = 11.0;
				LD_RUNPATH_SEARCH_PATHS = (
					"$(inherited)",
					"@executable_path/Frameworks",
				);
				PRODUCT_BUNDLE_IDENTIFIER = com.co5ta.LeBaluchon;
				PRODUCT_NAME = "$(TARGET_NAME)";
				SWIFT_VERSION = 5.0;
				TARGETED_DEVICE_FAMILY = 1;
			};
			name = Debug;
		};
		223592D321106EE500A2D659 /* Release */ = {
			isa = XCBuildConfiguration;
			buildSettings = {
				ASSETCATALOG_COMPILER_APPICON_NAME = AppIcon;
				CODE_SIGN_STYLE = Automatic;
				DEVELOPMENT_TEAM = PQ32JTG8M8;
				INFOPLIST_FILE = "$(SRCROOT)/LeBaluchon/Supporting files/Info.plist";
				IPHONEOS_DEPLOYMENT_TARGET = 11.0;
				LD_RUNPATH_SEARCH_PATHS = (
					"$(inherited)",
					"@executable_path/Frameworks",
				);
				PRODUCT_BUNDLE_IDENTIFIER = com.co5ta.LeBaluchon;
				PRODUCT_NAME = "$(TARGET_NAME)";
				SWIFT_VERSION = 5.0;
				TARGETED_DEVICE_FAMILY = 1;
			};
			name = Release;
		};
/* End XCBuildConfiguration section */

/* Begin XCConfigurationList section */
		221B47DB222D670200DA52CC /* Build configuration list for PBXNativeTarget "LeBaluchonTests" */ = {
			isa = XCConfigurationList;
			buildConfigurations = (
				221B47D9222D670200DA52CC /* Debug */,
				221B47DA222D670200DA52CC /* Release */,
			);
			defaultConfigurationIsVisible = 0;
			defaultConfigurationName = Release;
		};
		223592BA21106EE400A2D659 /* Build configuration list for PBXProject "LeBaluchon" */ = {
			isa = XCConfigurationList;
			buildConfigurations = (
				223592CF21106EE500A2D659 /* Debug */,
				223592D021106EE500A2D659 /* Release */,
			);
			defaultConfigurationIsVisible = 0;
			defaultConfigurationName = Release;
		};
		223592D121106EE500A2D659 /* Build configuration list for PBXNativeTarget "LeBaluchon" */ = {
			isa = XCConfigurationList;
			buildConfigurations = (
				223592D221106EE500A2D659 /* Debug */,
				223592D321106EE500A2D659 /* Release */,
			);
			defaultConfigurationIsVisible = 0;
			defaultConfigurationName = Release;
		};
/* End XCConfigurationList section */
	};
	rootObject = 223592B721106EE400A2D659 /* Project object */;
}
